// !$*UTF8*$!
{
	archiveVersion = 1;
	classes = {
	};
	objectVersion = 51;
	objects = {

/* Begin PBXBuildFile section */
		03D8B835FCFC5C2FBD53B843 /* Pods_MovieCombineApp.framework in Frameworks */ = {isa = PBXBuildFile; fileRef = 9E5136F4B9615277A5A2E281 /* Pods_MovieCombineApp.framework */; };
		3A15176BCFBECA121F267429 /* Pods_MovieCombineAppTests.framework in Frameworks */ = {isa = PBXBuildFile; fileRef = 54AB61FD90B2AEA786061018 /* Pods_MovieCombineAppTests.framework */; };
		B8F5F04B6EA9CBB64BF3F197 /* Pods_MovieCombineApp_MovieCombineAppUITests.framework in Frameworks */ = {isa = PBXBuildFile; fileRef = 4AB29B8A6A8BCB9B514337A2 /* Pods_MovieCombineApp_MovieCombineAppUITests.framework */; };
		C51592AA274AC5A9005ADA85 /* ViewModel.swift in Sources */ = {isa = PBXBuildFile; fileRef = C51592A9274AC5A9005ADA85 /* ViewModel.swift */; };
		C51592AE274AC759005ADA85 /* MovieCell.swift in Sources */ = {isa = PBXBuildFile; fileRef = C51592AC274AC759005ADA85 /* MovieCell.swift */; };
		C51592AF274AC759005ADA85 /* MovieCell.xib in Resources */ = {isa = PBXBuildFile; fileRef = C51592AD274AC759005ADA85 /* MovieCell.xib */; };
		C51592B1274ACACB005ADA85 /* Services.swift in Sources */ = {isa = PBXBuildFile; fileRef = C51592B0274ACACB005ADA85 /* Services.swift */; };
		C5F1769F274AC32C006CAD4C /* AppDelegate.swift in Sources */ = {isa = PBXBuildFile; fileRef = C5F1769E274AC32C006CAD4C /* AppDelegate.swift */; };
		C5F176A1274AC32C006CAD4C /* SceneDelegate.swift in Sources */ = {isa = PBXBuildFile; fileRef = C5F176A0274AC32C006CAD4C /* SceneDelegate.swift */; };
		C5F176A3274AC32C006CAD4C /* ViewController.swift in Sources */ = {isa = PBXBuildFile; fileRef = C5F176A2274AC32C006CAD4C /* ViewController.swift */; };
		C5F176A6274AC32C006CAD4C /* Main.storyboard in Resources */ = {isa = PBXBuildFile; fileRef = C5F176A4274AC32C006CAD4C /* Main.storyboard */; };
		C5F176A8274AC330006CAD4C /* Assets.xcassets in Resources */ = {isa = PBXBuildFile; fileRef = C5F176A7274AC330006CAD4C /* Assets.xcassets */; };
		C5F176AB274AC330006CAD4C /* LaunchScreen.storyboard in Resources */ = {isa = PBXBuildFile; fileRef = C5F176A9274AC330006CAD4C /* LaunchScreen.storyboard */; };
		C5F176B6274AC330006CAD4C /* MovieCombineAppTests.swift in Sources */ = {isa = PBXBuildFile; fileRef = C5F176B5274AC330006CAD4C /* MovieCombineAppTests.swift */; };
		C5F176C1274AC330006CAD4C /* MovieCombineAppUITests.swift in Sources */ = {isa = PBXBuildFile; fileRef = C5F176C0274AC330006CAD4C /* MovieCombineAppUITests.swift */; };
		C5F176D7274AC3F0006CAD4C /* Model.swift in Sources */ = {isa = PBXBuildFile; fileRef = C5F176D6274AC3F0006CAD4C /* Model.swift */; };
		C5F176D9274AC499006CAD4C /* Extension.swift in Sources */ = {isa = PBXBuildFile; fileRef = C5F176D8274AC499006CAD4C /* Extension.swift */; };
		C5F176DB274AC4B0006CAD4C /* Constants.swift in Sources */ = {isa = PBXBuildFile; fileRef = C5F176DA274AC4B0006CAD4C /* Constants.swift */; };
/* End PBXBuildFile section */

/* Begin PBXContainerItemProxy section */
		C5F176B2274AC330006CAD4C /* PBXContainerItemProxy */ = {
			isa = PBXContainerItemProxy;
			containerPortal = C5F17693274AC32C006CAD4C /* Project object */;
			proxyType = 1;
			remoteGlobalIDString = C5F1769A274AC32C006CAD4C;
			remoteInfo = MovieCombineApp;
		};
		C5F176BD274AC330006CAD4C /* PBXContainerItemProxy */ = {
			isa = PBXContainerItemProxy;
			containerPortal = C5F17693274AC32C006CAD4C /* Project object */;
			proxyType = 1;
			remoteGlobalIDString = C5F1769A274AC32C006CAD4C;
			remoteInfo = MovieCombineApp;
		};
/* End PBXContainerItemProxy section */

/* Begin PBXFileReference section */
		12109DFBDD54136F8F3553DC /* Pods-MovieCombineApp-MovieCombineAppUITests.debug.xcconfig */ = {isa = PBXFileReference; includeInIndex = 1; lastKnownFileType = text.xcconfig; name = "Pods-MovieCombineApp-MovieCombineAppUITests.debug.xcconfig"; path = "Target Support Files/Pods-MovieCombineApp-MovieCombineAppUITests/Pods-MovieCombineApp-MovieCombineAppUITests.debug.xcconfig"; sourceTree = "<group>"; };
		40A02A4480AC3730A14592FE /* Pods-MovieCombineApp.debug.xcconfig */ = {isa = PBXFileReference; includeInIndex = 1; lastKnownFileType = text.xcconfig; name = "Pods-MovieCombineApp.debug.xcconfig"; path = "Target Support Files/Pods-MovieCombineApp/Pods-MovieCombineApp.debug.xcconfig"; sourceTree = "<group>"; };
		4AB29B8A6A8BCB9B514337A2 /* Pods_MovieCombineApp_MovieCombineAppUITests.framework */ = {isa = PBXFileReference; explicitFileType = wrapper.framework; includeInIndex = 0; path = Pods_MovieCombineApp_MovieCombineAppUITests.framework; sourceTree = BUILT_PRODUCTS_DIR; };
		504F1107ECD60032A2ACF471 /* Pods-MovieCombineApp-MovieCombineAppUITests.release.xcconfig */ = {isa = PBXFileReference; includeInIndex = 1; lastKnownFileType = text.xcconfig; name = "Pods-MovieCombineApp-MovieCombineAppUITests.release.xcconfig"; path = "Target Support Files/Pods-MovieCombineApp-MovieCombineAppUITests/Pods-MovieCombineApp-MovieCombineAppUITests.release.xcconfig"; sourceTree = "<group>"; };
		54AB61FD90B2AEA786061018 /* Pods_MovieCombineAppTests.framework */ = {isa = PBXFileReference; explicitFileType = wrapper.framework; includeInIndex = 0; path = Pods_MovieCombineAppTests.framework; sourceTree = BUILT_PRODUCTS_DIR; };
		78FCD554392014E88F25A85C /* Pods-MovieCombineAppTests.debug.xcconfig */ = {isa = PBXFileReference; includeInIndex = 1; lastKnownFileType = text.xcconfig; name = "Pods-MovieCombineAppTests.debug.xcconfig"; path = "Target Support Files/Pods-MovieCombineAppTests/Pods-MovieCombineAppTests.debug.xcconfig"; sourceTree = "<group>"; };
		8A0A932D0E835106E478A199 /* Pods-MovieCombineAppTests.release.xcconfig */ = {isa = PBXFileReference; includeInIndex = 1; lastKnownFileType = text.xcconfig; name = "Pods-MovieCombineAppTests.release.xcconfig"; path = "Target Support Files/Pods-MovieCombineAppTests/Pods-MovieCombineAppTests.release.xcconfig"; sourceTree = "<group>"; };
		9E5136F4B9615277A5A2E281 /* Pods_MovieCombineApp.framework */ = {isa = PBXFileReference; explicitFileType = wrapper.framework; includeInIndex = 0; path = Pods_MovieCombineApp.framework; sourceTree = BUILT_PRODUCTS_DIR; };
		C51592A9274AC5A9005ADA85 /* ViewModel.swift */ = {isa = PBXFileReference; lastKnownFileType = sourcecode.swift; path = ViewModel.swift; sourceTree = "<group>"; };
		C51592AC274AC759005ADA85 /* MovieCell.swift */ = {isa = PBXFileReference; fileEncoding = 4; lastKnownFileType = sourcecode.swift; path = MovieCell.swift; sourceTree = "<group>"; };
		C51592AD274AC759005ADA85 /* MovieCell.xib */ = {isa = PBXFileReference; fileEncoding = 4; lastKnownFileType = file.xib; path = MovieCell.xib; sourceTree = "<group>"; };
		C51592B0274ACACB005ADA85 /* Services.swift */ = {isa = PBXFileReference; lastKnownFileType = sourcecode.swift; path = Services.swift; sourceTree = "<group>"; };
		C5F1769B274AC32C006CAD4C /* MovieCombineApp.app */ = {isa = PBXFileReference; explicitFileType = wrapper.application; includeInIndex = 0; path = MovieCombineApp.app; sourceTree = BUILT_PRODUCTS_DIR; };
		C5F1769E274AC32C006CAD4C /* AppDelegate.swift */ = {isa = PBXFileReference; lastKnownFileType = sourcecode.swift; path = AppDelegate.swift; sourceTree = "<group>"; };
		C5F176A0274AC32C006CAD4C /* SceneDelegate.swift */ = {isa = PBXFileReference; lastKnownFileType = sourcecode.swift; path = SceneDelegate.swift; sourceTree = "<group>"; };
		C5F176A2274AC32C006CAD4C /* ViewController.swift */ = {isa = PBXFileReference; lastKnownFileType = sourcecode.swift; path = ViewController.swift; sourceTree = "<group>"; };
		C5F176A5274AC32C006CAD4C /* Base */ = {isa = PBXFileReference; lastKnownFileType = file.storyboard; name = Base; path = Base.lproj/Main.storyboard; sourceTree = "<group>"; };
		C5F176A7274AC330006CAD4C /* Assets.xcassets */ = {isa = PBXFileReference; lastKnownFileType = folder.assetcatalog; path = Assets.xcassets; sourceTree = "<group>"; };
		C5F176AA274AC330006CAD4C /* Base */ = {isa = PBXFileReference; lastKnownFileType = file.storyboard; name = Base; path = Base.lproj/LaunchScreen.storyboard; sourceTree = "<group>"; };
		C5F176AC274AC330006CAD4C /* Info.plist */ = {isa = PBXFileReference; lastKnownFileType = text.plist.xml; path = Info.plist; sourceTree = "<group>"; };
		C5F176B1274AC330006CAD4C /* MovieCombineAppTests.xctest */ = {isa = PBXFileReference; explicitFileType = wrapper.cfbundle; includeInIndex = 0; path = MovieCombineAppTests.xctest; sourceTree = BUILT_PRODUCTS_DIR; };
		C5F176B5274AC330006CAD4C /* MovieCombineAppTests.swift */ = {isa = PBXFileReference; lastKnownFileType = sourcecode.swift; path = MovieCombineAppTests.swift; sourceTree = "<group>"; };
		C5F176B7274AC330006CAD4C /* Info.plist */ = {isa = PBXFileReference; lastKnownFileType = text.plist.xml; path = Info.plist; sourceTree = "<group>"; };
		C5F176BC274AC330006CAD4C /* MovieCombineAppUITests.xctest */ = {isa = PBXFileReference; explicitFileType = wrapper.cfbundle; includeInIndex = 0; path = MovieCombineAppUITests.xctest; sourceTree = BUILT_PRODUCTS_DIR; };
		C5F176C0274AC330006CAD4C /* MovieCombineAppUITests.swift */ = {isa = PBXFileReference; lastKnownFileType = sourcecode.swift; path = MovieCombineAppUITests.swift; sourceTree = "<group>"; };
		C5F176C2274AC330006CAD4C /* Info.plist */ = {isa = PBXFileReference; lastKnownFileType = text.plist.xml; path = Info.plist; sourceTree = "<group>"; };
		C5F176D6274AC3F0006CAD4C /* Model.swift */ = {isa = PBXFileReference; lastKnownFileType = sourcecode.swift; path = Model.swift; sourceTree = "<group>"; };
		C5F176D8274AC499006CAD4C /* Extension.swift */ = {isa = PBXFileReference; lastKnownFileType = sourcecode.swift; path = Extension.swift; sourceTree = "<group>"; };
		C5F176DA274AC4B0006CAD4C /* Constants.swift */ = {isa = PBXFileReference; lastKnownFileType = sourcecode.swift; path = Constants.swift; sourceTree = "<group>"; };
		E113A3E0AF1568B40CE666DE /* Pods-MovieCombineApp.release.xcconfig */ = {isa = PBXFileReference; includeInIndex = 1; lastKnownFileType = text.xcconfig; name = "Pods-MovieCombineApp.release.xcconfig"; path = "Target Support Files/Pods-MovieCombineApp/Pods-MovieCombineApp.release.xcconfig"; sourceTree = "<group>"; };
/* End PBXFileReference section */

/* Begin PBXFrameworksBuildPhase section */
		C5F17698274AC32C006CAD4C /* Frameworks */ = {
			isa = PBXFrameworksBuildPhase;
			buildActionMask = 2147483647;
			files = (
				03D8B835FCFC5C2FBD53B843 /* Pods_MovieCombineApp.framework in Frameworks */,
			);
			runOnlyForDeploymentPostprocessing = 0;
		};
		C5F176AE274AC330006CAD4C /* Frameworks */ = {
			isa = PBXFrameworksBuildPhase;
			buildActionMask = 2147483647;
			files = (
				3A15176BCFBECA121F267429 /* Pods_MovieCombineAppTests.framework in Frameworks */,
			);
			runOnlyForDeploymentPostprocessing = 0;
		};
		C5F176B9274AC330006CAD4C /* Frameworks */ = {
			isa = PBXFrameworksBuildPhase;
			buildActionMask = 2147483647;
			files = (
				B8F5F04B6EA9CBB64BF3F197 /* Pods_MovieCombineApp_MovieCombineAppUITests.framework in Frameworks */,
			);
			runOnlyForDeploymentPostprocessing = 0;
		};
/* End PBXFrameworksBuildPhase section */

/* Begin PBXGroup section */
		C51592AB274AC72A005ADA85 /* MovieCell */ = {
			isa = PBXGroup;
			children = (
				C51592AC274AC759005ADA85 /* MovieCell.swift */,
				C51592AD274AC759005ADA85 /* MovieCell.xib */,
			);
			path = MovieCell;
			sourceTree = "<group>";
		};
		C5F17692274AC32C006CAD4C = {
			isa = PBXGroup;
			children = (
				C5F1769D274AC32C006CAD4C /* MovieCombineApp */,
				C5F176B4274AC330006CAD4C /* MovieCombineAppTests */,
				C5F176BF274AC330006CAD4C /* MovieCombineAppUITests */,
				C5F1769C274AC32C006CAD4C /* Products */,
				E37EBEE8085E2734E653002F /* Pods */,
				E2721CA52DD67E30FA935ED0 /* Frameworks */,
			);
			sourceTree = "<group>";
		};
		C5F1769C274AC32C006CAD4C /* Products */ = {
			isa = PBXGroup;
			children = (
				C5F1769B274AC32C006CAD4C /* MovieCombineApp.app */,
				C5F176B1274AC330006CAD4C /* MovieCombineAppTests.xctest */,
				C5F176BC274AC330006CAD4C /* MovieCombineAppUITests.xctest */,
			);
			name = Products;
			sourceTree = "<group>";
		};
		C5F1769D274AC32C006CAD4C /* MovieCombineApp */ = {
			isa = PBXGroup;
			children = (
				C5F176D1274AC378006CAD4C /* Storyboards */,
				C5F176D0274AC36C006CAD4C /* Configuration */,
				C5F176CF274AC34E006CAD4C /* Resources */,
				C5F176CE274AC33D006CAD4C /* Component */,
			);
			path = MovieCombineApp;
			sourceTree = "<group>";
		};
		C5F176B4274AC330006CAD4C /* MovieCombineAppTests */ = {
			isa = PBXGroup;
			children = (
				C5F176B5274AC330006CAD4C /* MovieCombineAppTests.swift */,
				C5F176B7274AC330006CAD4C /* Info.plist */,
			);
			path = MovieCombineAppTests;
			sourceTree = "<group>";
		};
		C5F176BF274AC330006CAD4C /* MovieCombineAppUITests */ = {
			isa = PBXGroup;
			children = (
				C5F176C0274AC330006CAD4C /* MovieCombineAppUITests.swift */,
				C5F176C2274AC330006CAD4C /* Info.plist */,
			);
			path = MovieCombineAppUITests;
			sourceTree = "<group>";
		};
		C5F176CE274AC33D006CAD4C /* Component */ = {
			isa = PBXGroup;
			children = (
				C5F176D5274AC3E5006CAD4C /* Model */,
				C5F176D4274AC3C7006CAD4C /* Services */,
				C5F176D3274AC3BF006CAD4C /* ViewModel */,
				C5F176D2274AC3B5006CAD4C /* View */,
			);
			path = Component;
			sourceTree = "<group>";
		};
		C5F176CF274AC34E006CAD4C /* Resources */ = {
			isa = PBXGroup;
			children = (
				C5F176D8274AC499006CAD4C /* Extension.swift */,
				C5F176DA274AC4B0006CAD4C /* Constants.swift */,
			);
			path = Resources;
			sourceTree = "<group>";
		};
		C5F176D0274AC36C006CAD4C /* Configuration */ = {
			isa = PBXGroup;
			children = (
				C5F1769E274AC32C006CAD4C /* AppDelegate.swift */,
				C5F176A0274AC32C006CAD4C /* SceneDelegate.swift */,
				C5F176A7274AC330006CAD4C /* Assets.xcassets */,
				C5F176AC274AC330006CAD4C /* Info.plist */,
			);
			path = Configuration;
			sourceTree = "<group>";
		};
		C5F176D1274AC378006CAD4C /* Storyboards */ = {
			isa = PBXGroup;
			children = (
				C51592AB274AC72A005ADA85 /* MovieCell */,
				C5F176A4274AC32C006CAD4C /* Main.storyboard */,
				C5F176A9274AC330006CAD4C /* LaunchScreen.storyboard */,
			);
			path = Storyboards;
			sourceTree = "<group>";
		};
		C5F176D2274AC3B5006CAD4C /* View */ = {
			isa = PBXGroup;
			children = (
				C5F176A2274AC32C006CAD4C /* ViewController.swift */,
			);
			path = View;
			sourceTree = "<group>";
		};
		C5F176D3274AC3BF006CAD4C /* ViewModel */ = {
			isa = PBXGroup;
			children = (
				C51592A9274AC5A9005ADA85 /* ViewModel.swift */,
			);
			path = ViewModel;
			sourceTree = "<group>";
		};
		C5F176D4274AC3C7006CAD4C /* Services */ = {
			isa = PBXGroup;
			children = (
				C51592B0274ACACB005ADA85 /* Services.swift */,
			);
			path = Services;
			sourceTree = "<group>";
		};
		C5F176D5274AC3E5006CAD4C /* Model */ = {
			isa = PBXGroup;
			children = (
				C5F176D6274AC3F0006CAD4C /* Model.swift */,
			);
			path = Model;
			sourceTree = "<group>";
		};
		E2721CA52DD67E30FA935ED0 /* Frameworks */ = {
			isa = PBXGroup;
			children = (
				9E5136F4B9615277A5A2E281 /* Pods_MovieCombineApp.framework */,
				4AB29B8A6A8BCB9B514337A2 /* Pods_MovieCombineApp_MovieCombineAppUITests.framework */,
				54AB61FD90B2AEA786061018 /* Pods_MovieCombineAppTests.framework */,
			);
			name = Frameworks;
			sourceTree = "<group>";
		};
		E37EBEE8085E2734E653002F /* Pods */ = {
			isa = PBXGroup;
			children = (
				40A02A4480AC3730A14592FE /* Pods-MovieCombineApp.debug.xcconfig */,
				E113A3E0AF1568B40CE666DE /* Pods-MovieCombineApp.release.xcconfig */,
				12109DFBDD54136F8F3553DC /* Pods-MovieCombineApp-MovieCombineAppUITests.debug.xcconfig */,
				504F1107ECD60032A2ACF471 /* Pods-MovieCombineApp-MovieCombineAppUITests.release.xcconfig */,
				78FCD554392014E88F25A85C /* Pods-MovieCombineAppTests.debug.xcconfig */,
				8A0A932D0E835106E478A199 /* Pods-MovieCombineAppTests.release.xcconfig */,
			);
			path = Pods;
			sourceTree = "<group>";
		};
/* End PBXGroup section */

/* Begin PBXNativeTarget section */
		C5F1769A274AC32C006CAD4C /* MovieCombineApp */ = {
			isa = PBXNativeTarget;
			buildConfigurationList = C5F176C5274AC330006CAD4C /* Build configuration list for PBXNativeTarget "MovieCombineApp" */;
			buildPhases = (
				15FD19C4D823C920FF3E8411 /* [CP] Check Pods Manifest.lock */,
				C5F17697274AC32C006CAD4C /* Sources */,
				C5F17698274AC32C006CAD4C /* Frameworks */,
				C5F17699274AC32C006CAD4C /* Resources */,
				290CEE7D4DC6B63CF72B1C07 /* [CP] Embed Pods Frameworks */,
			);
			buildRules = (
			);
			dependencies = (
			);
			name = MovieCombineApp;
			productName = MovieCombineApp;
			productReference = C5F1769B274AC32C006CAD4C /* MovieCombineApp.app */;
			productType = "com.apple.product-type.application";
		};
		C5F176B0274AC330006CAD4C /* MovieCombineAppTests */ = {
			isa = PBXNativeTarget;
			buildConfigurationList = C5F176C8274AC330006CAD4C /* Build configuration list for PBXNativeTarget "MovieCombineAppTests" */;
			buildPhases = (
				00F872D72639042CC52E5EAF /* [CP] Check Pods Manifest.lock */,
				C5F176AD274AC330006CAD4C /* Sources */,
				C5F176AE274AC330006CAD4C /* Frameworks */,
				C5F176AF274AC330006CAD4C /* Resources */,
			);
			buildRules = (
			);
			dependencies = (
				C5F176B3274AC330006CAD4C /* PBXTargetDependency */,
			);
			name = MovieCombineAppTests;
			productName = MovieCombineAppTests;
			productReference = C5F176B1274AC330006CAD4C /* MovieCombineAppTests.xctest */;
			productType = "com.apple.product-type.bundle.unit-test";
		};
		C5F176BB274AC330006CAD4C /* MovieCombineAppUITests */ = {
			isa = PBXNativeTarget;
			buildConfigurationList = C5F176CB274AC330006CAD4C /* Build configuration list for PBXNativeTarget "MovieCombineAppUITests" */;
			buildPhases = (
				25B43FBE93271065592BB964 /* [CP] Check Pods Manifest.lock */,
				C5F176B8274AC330006CAD4C /* Sources */,
				C5F176B9274AC330006CAD4C /* Frameworks */,
				C5F176BA274AC330006CAD4C /* Resources */,
				DEEDE0600CCA805BA360CC4D /* [CP] Embed Pods Frameworks */,
			);
			buildRules = (
			);
			dependencies = (
				C5F176BE274AC330006CAD4C /* PBXTargetDependency */,
			);
			name = MovieCombineAppUITests;
			productName = MovieCombineAppUITests;
			productReference = C5F176BC274AC330006CAD4C /* MovieCombineAppUITests.xctest */;
			productType = "com.apple.product-type.bundle.ui-testing";
		};
/* End PBXNativeTarget section */

/* Begin PBXProject section */
		C5F17693274AC32C006CAD4C /* Project object */ = {
			isa = PBXProject;
			attributes = {
				LastSwiftUpdateCheck = 1250;
				LastUpgradeCheck = 1250;
				TargetAttributes = {
					C5F1769A274AC32C006CAD4C = {
						CreatedOnToolsVersion = 12.5;
					};
					C5F176B0274AC330006CAD4C = {
						CreatedOnToolsVersion = 12.5;
						TestTargetID = C5F1769A274AC32C006CAD4C;
					};
					C5F176BB274AC330006CAD4C = {
						CreatedOnToolsVersion = 12.5;
						TestTargetID = C5F1769A274AC32C006CAD4C;
					};
				};
			};
			buildConfigurationList = C5F17696274AC32C006CAD4C /* Build configuration list for PBXProject "MovieCombineApp" */;
			compatibilityVersion = "Xcode 9.3";
			developmentRegion = en;
			hasScannedForEncodings = 0;
			knownRegions = (
				en,
				Base,
			);
			mainGroup = C5F17692274AC32C006CAD4C;
			productRefGroup = C5F1769C274AC32C006CAD4C /* Products */;
			projectDirPath = "";
			projectRoot = "";
			targets = (
				C5F1769A274AC32C006CAD4C /* MovieCombineApp */,
				C5F176B0274AC330006CAD4C /* MovieCombineAppTests */,
				C5F176BB274AC330006CAD4C /* MovieCombineAppUITests */,
			);
		};
/* End PBXProject section */

/* Begin PBXResourcesBuildPhase section */
		C5F17699274AC32C006CAD4C /* Resources */ = {
			isa = PBXResourcesBuildPhase;
			buildActionMask = 2147483647;
			files = (
				C5F176AB274AC330006CAD4C /* LaunchScreen.storyboard in Resources */,
				C5F176A8274AC330006CAD4C /* Assets.xcassets in Resources */,
				C51592AF274AC759005ADA85 /* MovieCell.xib in Resources */,
				C5F176A6274AC32C006CAD4C /* Main.storyboard in Resources */,
			);
			runOnlyForDeploymentPostprocessing = 0;
		};
		C5F176AF274AC330006CAD4C /* Resources */ = {
			isa = PBXResourcesBuildPhase;
			buildActionMask = 2147483647;
			files = (
			);
			runOnlyForDeploymentPostprocessing = 0;
		};
		C5F176BA274AC330006CAD4C /* Resources */ = {
			isa = PBXResourcesBuildPhase;
			buildActionMask = 2147483647;
			files = (
			);
			runOnlyForDeploymentPostprocessing = 0;
		};
/* End PBXResourcesBuildPhase section */

/* Begin PBXShellScriptBuildPhase section */
		00F872D72639042CC52E5EAF /* [CP] Check Pods Manifest.lock */ = {
			isa = PBXShellScriptBuildPhase;
			buildActionMask = 2147483647;
			files = (
			);
			inputFileListPaths = (
			);
			inputPaths = (
				"${PODS_PODFILE_DIR_PATH}/Podfile.lock",
				"${PODS_ROOT}/Manifest.lock",
			);
			name = "[CP] Check Pods Manifest.lock";
			outputFileListPaths = (
			);
			outputPaths = (
				"$(DERIVED_FILE_DIR)/Pods-MovieCombineAppTests-checkManifestLockResult.txt",
			);
			runOnlyForDeploymentPostprocessing = 0;
			shellPath = /bin/sh;
			shellScript = "diff \"${PODS_PODFILE_DIR_PATH}/Podfile.lock\" \"${PODS_ROOT}/Manifest.lock\" > /dev/null\nif [ $? != 0 ] ; then\n    # print error to STDERR\n    echo \"error: The sandbox is not in sync with the Podfile.lock. Run 'pod install' or update your CocoaPods installation.\" >&2\n    exit 1\nfi\n# This output is used by Xcode 'outputs' to avoid re-running this script phase.\necho \"SUCCESS\" > \"${SCRIPT_OUTPUT_FILE_0}\"\n";
			showEnvVarsInLog = 0;
		};
		15FD19C4D823C920FF3E8411 /* [CP] Check Pods Manifest.lock */ = {
			isa = PBXShellScriptBuildPhase;
			buildActionMask = 2147483647;
			files = (
			);
			inputFileListPaths = (
			);
			inputPaths = (
				"${PODS_PODFILE_DIR_PATH}/Podfile.lock",
				"${PODS_ROOT}/Manifest.lock",
			);
			name = "[CP] Check Pods Manifest.lock";
			outputFileListPaths = (
			);
			outputPaths = (
				"$(DERIVED_FILE_DIR)/Pods-MovieCombineApp-checkManifestLockResult.txt",
			);
			runOnlyForDeploymentPostprocessing = 0;
			shellPath = /bin/sh;
			shellScript = "diff \"${PODS_PODFILE_DIR_PATH}/Podfile.lock\" \"${PODS_ROOT}/Manifest.lock\" > /dev/null\nif [ $? != 0 ] ; then\n    # print error to STDERR\n    echo \"error: The sandbox is not in sync with the Podfile.lock. Run 'pod install' or update your CocoaPods installation.\" >&2\n    exit 1\nfi\n# This output is used by Xcode 'outputs' to avoid re-running this script phase.\necho \"SUCCESS\" > \"${SCRIPT_OUTPUT_FILE_0}\"\n";
			showEnvVarsInLog = 0;
		};
		25B43FBE93271065592BB964 /* [CP] Check Pods Manifest.lock */ = {
			isa = PBXShellScriptBuildPhase;
			buildActionMask = 2147483647;
			files = (
			);
			inputFileListPaths = (
			);
			inputPaths = (
				"${PODS_PODFILE_DIR_PATH}/Podfile.lock",
				"${PODS_ROOT}/Manifest.lock",
			);
			name = "[CP] Check Pods Manifest.lock";
			outputFileListPaths = (
			);
			outputPaths = (
				"$(DERIVED_FILE_DIR)/Pods-MovieCombineApp-MovieCombineAppUITests-checkManifestLockResult.txt",
			);
			runOnlyForDeploymentPostprocessing = 0;
			shellPath = /bin/sh;
			shellScript = "diff \"${PODS_PODFILE_DIR_PATH}/Podfile.lock\" \"${PODS_ROOT}/Manifest.lock\" > /dev/null\nif [ $? != 0 ] ; then\n    # print error to STDERR\n    echo \"error: The sandbox is not in sync with the Podfile.lock. Run 'pod install' or update your CocoaPods installation.\" >&2\n    exit 1\nfi\n# This output is used by Xcode 'outputs' to avoid re-running this script phase.\necho \"SUCCESS\" > \"${SCRIPT_OUTPUT_FILE_0}\"\n";
			showEnvVarsInLog = 0;
		};
		290CEE7D4DC6B63CF72B1C07 /* [CP] Embed Pods Frameworks */ = {
			isa = PBXShellScriptBuildPhase;
			buildActionMask = 2147483647;
			files = (
			);
			inputFileListPaths = (
				"${PODS_ROOT}/Target Support Files/Pods-MovieCombineApp/Pods-MovieCombineApp-frameworks-${CONFIGURATION}-input-files.xcfilelist",
			);
			name = "[CP] Embed Pods Frameworks";
			outputFileListPaths = (
				"${PODS_ROOT}/Target Support Files/Pods-MovieCombineApp/Pods-MovieCombineApp-frameworks-${CONFIGURATION}-output-files.xcfilelist",
			);
			runOnlyForDeploymentPostprocessing = 0;
			shellPath = /bin/sh;
			shellScript = "\"${PODS_ROOT}/Target Support Files/Pods-MovieCombineApp/Pods-MovieCombineApp-frameworks.sh\"\n";
			showEnvVarsInLog = 0;
		};
		DEEDE0600CCA805BA360CC4D /* [CP] Embed Pods Frameworks */ = {
			isa = PBXShellScriptBuildPhase;
			buildActionMask = 2147483647;
			files = (
			);
			inputFileListPaths = (
				"${PODS_ROOT}/Target Support Files/Pods-MovieCombineApp-MovieCombineAppUITests/Pods-MovieCombineApp-MovieCombineAppUITests-frameworks-${CONFIGURATION}-input-files.xcfilelist",
			);
			name = "[CP] Embed Pods Frameworks";
			outputFileListPaths = (
				"${PODS_ROOT}/Target Support Files/Pods-MovieCombineApp-MovieCombineAppUITests/Pods-MovieCombineApp-MovieCombineAppUITests-frameworks-${CONFIGURATION}-output-files.xcfilelist",
			);
			runOnlyForDeploymentPostprocessing = 0;
			shellPath = /bin/sh;
			shellScript = "\"${PODS_ROOT}/Target Support Files/Pods-MovieCombineApp-MovieCombineAppUITests/Pods-MovieCombineApp-MovieCombineAppUITests-frameworks.sh\"\n";
			showEnvVarsInLog = 0;
		};
/* End PBXShellScriptBuildPhase section */

/* Begin PBXSourcesBuildPhase section */
		C5F17697274AC32C006CAD4C /* Sources */ = {
			isa = PBXSourcesBuildPhase;
			buildActionMask = 2147483647;
			files = (
				C5F176D9274AC499006CAD4C /* Extension.swift in Sources */,
				C5F176A3274AC32C006CAD4C /* ViewController.swift in Sources */,
				C51592AE274AC759005ADA85 /* MovieCell.swift in Sources */,
				C5F1769F274AC32C006CAD4C /* AppDelegate.swift in Sources */,
				C5F176A1274AC32C006CAD4C /* SceneDelegate.swift in Sources */,
				C5F176DB274AC4B0006CAD4C /* Constants.swift in Sources */,
				C5F176D7274AC3F0006CAD4C /* Model.swift in Sources */,
				C51592B1274ACACB005ADA85 /* Services.swift in Sources */,
				C51592AA274AC5A9005ADA85 /* ViewModel.swift in Sources */,
			);
			runOnlyForDeploymentPostprocessing = 0;
		};
		C5F176AD274AC330006CAD4C /* Sources */ = {
			isa = PBXSourcesBuildPhase;
			buildActionMask = 2147483647;
			files = (
				C5F176B6274AC330006CAD4C /* MovieCombineAppTests.swift in Sources */,
			);
			runOnlyForDeploymentPostprocessing = 0;
		};
		C5F176B8274AC330006CAD4C /* Sources */ = {
			isa = PBXSourcesBuildPhase;
			buildActionMask = 2147483647;
			files = (
				C5F176C1274AC330006CAD4C /* MovieCombineAppUITests.swift in Sources */,
			);
			runOnlyForDeploymentPostprocessing = 0;
		};
/* End PBXSourcesBuildPhase section */

/* Begin PBXTargetDependency section */
		C5F176B3274AC330006CAD4C /* PBXTargetDependency */ = {
			isa = PBXTargetDependency;
			target = C5F1769A274AC32C006CAD4C /* MovieCombineApp */;
			targetProxy = C5F176B2274AC330006CAD4C /* PBXContainerItemProxy */;
		};
		C5F176BE274AC330006CAD4C /* PBXTargetDependency */ = {
			isa = PBXTargetDependency;
			target = C5F1769A274AC32C006CAD4C /* MovieCombineApp */;
			targetProxy = C5F176BD274AC330006CAD4C /* PBXContainerItemProxy */;
		};
/* End PBXTargetDependency section */

/* Begin PBXVariantGroup section */
		C5F176A4274AC32C006CAD4C /* Main.storyboard */ = {
			isa = PBXVariantGroup;
			children = (
				C5F176A5274AC32C006CAD4C /* Base */,
			);
			name = Main.storyboard;
			sourceTree = "<group>";
		};
		C5F176A9274AC330006CAD4C /* LaunchScreen.storyboard */ = {
			isa = PBXVariantGroup;
			children = (
				C5F176AA274AC330006CAD4C /* Base */,
			);
			name = LaunchScreen.storyboard;
			sourceTree = "<group>";
		};
/* End PBXVariantGroup section */

/* Begin XCBuildConfiguration section */
		C5F176C3274AC330006CAD4C /* Debug */ = {
			isa = XCBuildConfiguration;
			buildSettings = {
				ALWAYS_SEARCH_USER_PATHS = NO;
				CLANG_ANALYZER_NONNULL = YES;
				CLANG_ANALYZER_NUMBER_OBJECT_CONVERSION = YES_AGGRESSIVE;
				CLANG_CXX_LANGUAGE_STANDARD = "gnu++14";
				CLANG_CXX_LIBRARY = "libc++";
				CLANG_ENABLE_MODULES = YES;
				CLANG_ENABLE_OBJC_ARC = YES;
				CLANG_ENABLE_OBJC_WEAK = YES;
				CLANG_WARN_BLOCK_CAPTURE_AUTORELEASING = YES;
				CLANG_WARN_BOOL_CONVERSION = YES;
				CLANG_WARN_COMMA = YES;
				CLANG_WARN_CONSTANT_CONVERSION = YES;
				CLANG_WARN_DEPRECATED_OBJC_IMPLEMENTATIONS = YES;
				CLANG_WARN_DIRECT_OBJC_ISA_USAGE = YES_ERROR;
				CLANG_WARN_DOCUMENTATION_COMMENTS = YES;
				CLANG_WARN_EMPTY_BODY = YES;
				CLANG_WARN_ENUM_CONVERSION = YES;
				CLANG_WARN_INFINITE_RECURSION = YES;
				CLANG_WARN_INT_CONVERSION = YES;
				CLANG_WARN_NON_LITERAL_NULL_CONVERSION = YES;
				CLANG_WARN_OBJC_IMPLICIT_RETAIN_SELF = YES;
				CLANG_WARN_OBJC_LITERAL_CONVERSION = YES;
				CLANG_WARN_OBJC_ROOT_CLASS = YES_ERROR;
				CLANG_WARN_QUOTED_INCLUDE_IN_FRAMEWORK_HEADER = YES;
				CLANG_WARN_RANGE_LOOP_ANALYSIS = YES;
				CLANG_WARN_STRICT_PROTOTYPES = YES;
				CLANG_WARN_SUSPICIOUS_MOVE = YES;
				CLANG_WARN_UNGUARDED_AVAILABILITY = YES_AGGRESSIVE;
				CLANG_WARN_UNREACHABLE_CODE = YES;
				CLANG_WARN__DUPLICATE_METHOD_MATCH = YES;
				COPY_PHASE_STRIP = NO;
				DEBUG_INFORMATION_FORMAT = dwarf;
				ENABLE_STRICT_OBJC_MSGSEND = YES;
				ENABLE_TESTABILITY = YES;
				GCC_C_LANGUAGE_STANDARD = gnu11;
				GCC_DYNAMIC_NO_PIC = NO;
				GCC_NO_COMMON_BLOCKS = YES;
				GCC_OPTIMIZATION_LEVEL = 0;
				GCC_PREPROCESSOR_DEFINITIONS = (
					"DEBUG=1",
					"$(inherited)",
				);
				GCC_WARN_64_TO_32_BIT_CONVERSION = YES;
				GCC_WARN_ABOUT_RETURN_TYPE = YES_ERROR;
				GCC_WARN_UNDECLARED_SELECTOR = YES;
				GCC_WARN_UNINITIALIZED_AUTOS = YES_AGGRESSIVE;
				GCC_WARN_UNUSED_FUNCTION = YES;
				GCC_WARN_UNUSED_VARIABLE = YES;
				IPHONEOS_DEPLOYMENT_TARGET = 14.5;
				MTL_ENABLE_DEBUG_INFO = INCLUDE_SOURCE;
				MTL_FAST_MATH = YES;
				ONLY_ACTIVE_ARCH = YES;
				SDKROOT = iphoneos;
				SWIFT_ACTIVE_COMPILATION_CONDITIONS = DEBUG;
				SWIFT_OPTIMIZATION_LEVEL = "-Onone";
			};
			name = Debug;
		};
		C5F176C4274AC330006CAD4C /* Release */ = {
			isa = XCBuildConfiguration;
			buildSettings = {
				ALWAYS_SEARCH_USER_PATHS = NO;
				CLANG_ANALYZER_NONNULL = YES;
				CLANG_ANALYZER_NUMBER_OBJECT_CONVERSION = YES_AGGRESSIVE;
				CLANG_CXX_LANGUAGE_STANDARD = "gnu++14";
				CLANG_CXX_LIBRARY = "libc++";
				CLANG_ENABLE_MODULES = YES;
				CLANG_ENABLE_OBJC_ARC = YES;
				CLANG_ENABLE_OBJC_WEAK = YES;
				CLANG_WARN_BLOCK_CAPTURE_AUTORELEASING = YES;
				CLANG_WARN_BOOL_CONVERSION = YES;
				CLANG_WARN_COMMA = YES;
				CLANG_WARN_CONSTANT_CONVERSION = YES;
				CLANG_WARN_DEPRECATED_OBJC_IMPLEMENTATIONS = YES;
				CLANG_WARN_DIRECT_OBJC_ISA_USAGE = YES_ERROR;
				CLANG_WARN_DOCUMENTATION_COMMENTS = YES;
				CLANG_WARN_EMPTY_BODY = YES;
				CLANG_WARN_ENUM_CONVERSION = YES;
				CLANG_WARN_INFINITE_RECURSION = YES;
				CLANG_WARN_INT_CONVERSION = YES;
				CLANG_WARN_NON_LITERAL_NULL_CONVERSION = YES;
				CLANG_WARN_OBJC_IMPLICIT_RETAIN_SELF = YES;
				CLANG_WARN_OBJC_LITERAL_CONVERSION = YES;
				CLANG_WARN_OBJC_ROOT_CLASS = YES_ERROR;
				CLANG_WARN_QUOTED_INCLUDE_IN_FRAMEWORK_HEADER = YES;
				CLANG_WARN_RANGE_LOOP_ANALYSIS = YES;
				CLANG_WARN_STRICT_PROTOTYPES = YES;
				CLANG_WARN_SUSPICIOUS_MOVE = YES;
				CLANG_WARN_UNGUARDED_AVAILABILITY = YES_AGGRESSIVE;
				CLANG_WARN_UNREACHABLE_CODE = YES;
				CLANG_WARN__DUPLICATE_METHOD_MATCH = YES;
				COPY_PHASE_STRIP = NO;
				DEBUG_INFORMATION_FORMAT = "dwarf-with-dsym";
				ENABLE_NS_ASSERTIONS = NO;
				ENABLE_STRICT_OBJC_MSGSEND = YES;
				GCC_C_LANGUAGE_STANDARD = gnu11;
				GCC_NO_COMMON_BLOCKS = YES;
				GCC_WARN_64_TO_32_BIT_CONVERSION = YES;
				GCC_WARN_ABOUT_RETURN_TYPE = YES_ERROR;
				GCC_WARN_UNDECLARED_SELECTOR = YES;
				GCC_WARN_UNINITIALIZED_AUTOS = YES_AGGRESSIVE;
				GCC_WARN_UNUSED_FUNCTION = YES;
				GCC_WARN_UNUSED_VARIABLE = YES;
				IPHONEOS_DEPLOYMENT_TARGET = 14.5;
				MTL_ENABLE_DEBUG_INFO = NO;
				MTL_FAST_MATH = YES;
				SDKROOT = iphoneos;
				SWIFT_COMPILATION_MODE = wholemodule;
				SWIFT_OPTIMIZATION_LEVEL = "-O";
				VALIDATE_PRODUCT = YES;
			};
			name = Release;
		};
		C5F176C6274AC330006CAD4C /* Debug */ = {
			isa = XCBuildConfiguration;
			baseConfigurationReference = 40A02A4480AC3730A14592FE /* Pods-MovieCombineApp.debug.xcconfig */;
			buildSettings = {
				ASSETCATALOG_COMPILER_APPICON_NAME = AppIcon;
				ASSETCATALOG_COMPILER_GLOBAL_ACCENT_COLOR_NAME = AccentColor;
				CODE_SIGN_STYLE = Automatic;
				DEVELOPMENT_TEAM = X43UT553Y2;
				INFOPLIST_FILE = "$(SRCROOT)/MovieCombineApp/Configuration/Info.plist";
				LD_RUNPATH_SEARCH_PATHS = (
					"$(inherited)",
					"@executable_path/Frameworks",
				);
				PRODUCT_BUNDLE_IDENTIFIER = com.amr.ali.combine.movie.app.MovieCombineApp;
				PRODUCT_NAME = "$(TARGET_NAME)";
				SWIFT_VERSION = 5.0;
				TARGETED_DEVICE_FAMILY = "1,2";
			};
			name = Debug;
		};
		C5F176C7274AC330006CAD4C /* Release */ = {
			isa = XCBuildConfiguration;
			baseConfigurationReference = E113A3E0AF1568B40CE666DE /* Pods-MovieCombineApp.release.xcconfig */;
			buildSettings = {
				ASSETCATALOG_COMPILER_APPICON_NAME = AppIcon;
				ASSETCATALOG_COMPILER_GLOBAL_ACCENT_COLOR_NAME = AccentColor;
				CODE_SIGN_STYLE = Automatic;
				DEVELOPMENT_TEAM = X43UT553Y2;
				INFOPLIST_FILE = "$(SRCROOT)/MovieCombineApp/Configuration/Info.plist";
				LD_RUNPATH_SEARCH_PATHS = (
					"$(inherited)",
					"@executable_path/Frameworks",
				);
				PRODUCT_BUNDLE_IDENTIFIER = com.amr.ali.combine.movie.app.MovieCombineApp;
				PRODUCT_NAME = "$(TARGET_NAME)";
				SWIFT_VERSION = 5.0;
				TARGETED_DEVICE_FAMILY = "1,2";
			};
			name = Release;
		};
		C5F176C9274AC330006CAD4C /* Debug */ = {
			isa = XCBuildConfiguration;
			baseConfigurationReference = 78FCD554392014E88F25A85C /* Pods-MovieCombineAppTests.debug.xcconfig */;
			buildSettings = {
				ALWAYS_EMBED_SWIFT_STANDARD_LIBRARIES = YES;
				BUNDLE_LOADER = "$(TEST_HOST)";
				CODE_SIGN_STYLE = Automatic;
				DEVELOPMENT_TEAM = X43UT553Y2;
				INFOPLIST_FILE = MovieCombineAppTests/Info.plist;
				IPHONEOS_DEPLOYMENT_TARGET = 14.5;
				LD_RUNPATH_SEARCH_PATHS = (
					"$(inherited)",
					"@executable_path/Frameworks",
					"@loader_path/Frameworks",
				);
				PRODUCT_BUNDLE_IDENTIFIER = com.amr.ali.combine.movie.app.MovieCombineAppTests;
				PRODUCT_NAME = "$(TARGET_NAME)";
				SWIFT_VERSION = 5.0;
				TARGETED_DEVICE_FAMILY = "1,2";
				TEST_HOST = "$(BUILT_PRODUCTS_DIR)/MovieCombineApp.app/MovieCombineApp";
			};
			name = Debug;
		};
		C5F176CA274AC330006CAD4C /* Release */ = {
			isa = XCBuildConfiguration;
			baseConfigurationReference = 8A0A932D0E835106E478A199 /* Pods-MovieCombineAppTests.release.xcconfig */;
			buildSettings = {
				ALWAYS_EMBED_SWIFT_STANDARD_LIBRARIES = YES;
				BUNDLE_LOADER = "$(TEST_HOST)";
				CODE_SIGN_STYLE = Automatic;
				DEVELOPMENT_TEAM = X43UT553Y2;
				INFOPLIST_FILE = MovieCombineAppTests/Info.plist;
				IPHONEOS_DEPLOYMENT_TARGET = 14.5;
				LD_RUNPATH_SEARCH_PATHS = (
					"$(inherited)",
					"@executable_path/Frameworks",
					"@loader_path/Frameworks",
				);
				PRODUCT_BUNDLE_IDENTIFIER = com.amr.ali.combine.movie.app.MovieCombineAppTests;
				PRODUCT_NAME = "$(TARGET_NAME)";
				SWIFT_VERSION = 5.0;
				TARGETED_DEVICE_FAMILY = "1,2";
				TEST_HOST = "$(BUILT_PRODUCTS_DIR)/MovieCombineApp.app/MovieCombineApp";
			};
			name = Release;
		};
		C5F176CC274AC330006CAD4C /* Debug */ = {
			isa = XCBuildConfiguration;
			baseConfigurationReference = 12109DFBDD54136F8F3553DC /* Pods-MovieCombineApp-MovieCombineAppUITests.debug.xcconfig */;
			buildSettings = {
				ALWAYS_EMBED_SWIFT_STANDARD_LIBRARIES = YES;
				CODE_SIGN_STYLE = Automatic;
				DEVELOPMENT_TEAM = X43UT553Y2;
				INFOPLIST_FILE = MovieCombineAppUITests/Info.plist;
				LD_RUNPATH_SEARCH_PATHS = (
					"$(inherited)",
					"@executable_path/Frameworks",
					"@loader_path/Frameworks",
				);
				PRODUCT_BUNDLE_IDENTIFIER = com.amr.ali.combine.movie.app.MovieCombineAppUITests;
				PRODUCT_NAME = "$(TARGET_NAME)";
				SWIFT_VERSION = 5.0;
				TARGETED_DEVICE_FAMILY = "1,2";
				TEST_TARGET_NAME = MovieCombineApp;
			};
			name = Debug;
		};
		C5F176CD274AC330006CAD4C /* Release */ = {
			isa = XCBuildConfiguration;
			baseConfigurationReference = 504F1107ECD60032A2ACF471 /* Pods-MovieCombineApp-MovieCombineAppUITests.release.xcconfig */;
			buildSettings = {
				ALWAYS_EMBED_SWIFT_STANDARD_LIBRARIES = YES;
				CODE_SIGN_STYLE = Automatic;
				DEVELOPMENT_TEAM = X43UT553Y2;
				INFOPLIST_FILE = MovieCombineAppUITests/Info.plist;
				LD_RUNPATH_SEARCH_PATHS = (
					"$(inherited)",
					"@executable_path/Frameworks",
					"@loader_path/Frameworks",
				);
				PRODUCT_BUNDLE_IDENTIFIER = com.amr.ali.combine.movie.app.MovieCombineAppUITests;
				PRODUCT_NAME = "$(TARGET_NAME)";
				SWIFT_VERSION = 5.0;
				TARGETED_DEVICE_FAMILY = "1,2";
				TEST_TARGET_NAME = MovieCombineApp;
			};
			name = Release;
		};
/* End XCBuildConfiguration section */

/* Begin XCConfigurationList section */
		C5F17696274AC32C006CAD4C /* Build configuration list for PBXProject "MovieCombineApp" */ = {
			isa = XCConfigurationList;
			buildConfigurations = (
				C5F176C3274AC330006CAD4C /* Debug */,
				C5F176C4274AC330006CAD4C /* Release */,
			);
			defaultConfigurationIsVisible = 0;
			defaultConfigurationName = Release;
		};
		C5F176C5274AC330006CAD4C /* Build configuration list for PBXNativeTarget "MovieCombineApp" */ = {
			isa = XCConfigurationList;
			buildConfigurations = (
				C5F176C6274AC330006CAD4C /* Debug */,
				C5F176C7274AC330006CAD4C /* Release */,
			);
			defaultConfigurationIsVisible = 0;
			defaultConfigurationName = Release;
		};
		C5F176C8274AC330006CAD4C /* Build configuration list for PBXNativeTarget "MovieCombineAppTests" */ = {
			isa = XCConfigurationList;
			buildConfigurations = (
				C5F176C9274AC330006CAD4C /* Debug */,
				C5F176CA274AC330006CAD4C /* Release */,
			);
			defaultConfigurationIsVisible = 0;
			defaultConfigurationName = Release;
		};
		C5F176CB274AC330006CAD4C /* Build configuration list for PBXNativeTarget "MovieCombineAppUITests" */ = {
			isa = XCConfigurationList;
			buildConfigurations = (
				C5F176CC274AC330006CAD4C /* Debug */,
				C5F176CD274AC330006CAD4C /* Release */,
			);
			defaultConfigurationIsVisible = 0;
			defaultConfigurationName = Release;
		};
/* End XCConfigurationList section */
	};
	rootObject = C5F17693274AC32C006CAD4C /* Project object */;
}
